{
  "requires": true,
  "lockfileVersion": 1,
  "dependencies": {
    "emoji-emotion": {
      "version": "2.1.2",
      "resolved": "https://registry.npmjs.org/emoji-emotion/-/emoji-emotion-2.1.2.tgz",
      "integrity": "sha512-xg1s2fhODzItaWG887lpB88U2o7pa3RP0/z8NUaEHU6IbbXYh1dAisLiufLsXcEKMz2vAj+61mUuP51e0vEqyA=="
    }
  }
}
